
Microsoft Visual Studio Solution File, Format Version 12.00
# Visual Studio Version 16
VisualStudioVersion = 16.0.34114.132
MinimumVisualStudioVersion = 10.0.40219.1
Project("{FAE04EC0-301F-11D3-BF4B-00C04F79EFBC}") = "GeziciAlgoritması", "GeziciAlgoritması.csproj", "{4DC6F54D-343B-45C5-83BA-D51FB5D41A6B}"
EndProject
Global
	GlobalSection(SolutionConfigurationPlatforms) = preSolution
		Debug|Any CPU = Debug|Any CPU
		Release|Any CPU = Release|Any CPU
	EndGlobalSection
	GlobalSection(ProjectConfigurationPlatforms) = postSolution
		{4DC6F54D-343B-45C5-83BA-D51FB5D41A6B}.Debug|Any CPU.ActiveCfg = Debug|Any CPU
		{4DC6F54D-343B-45C5-83BA-D51FB5D41A6B}.Debug|Any CPU.Build.0 = Debug|Any CPU
		{4DC6F54D-343B-45C5-83BA-D51FB5D41A6B}.Release|Any CPU.ActiveCfg = Release|Any CPU
		{4DC6F54D-343B-45C5-83BA-D51FB5D41A6B}.Release|Any CPU.Build.0 = Release|Any CPU
	EndGlobalSection
	GlobalSection(SolutionProperties) = preSolution
		HideSolutionNode = FALSE
	EndGlobalSection
	GlobalSection(ExtensibilityGlobals) = postSolution
		SolutionGuid = {88192C3D-FE77-49F0-ADC7-3A0BE53AEF68}
	EndGlobalSection
EndGlobal
